
Microsoft Visual Studio Solution File, Format Version 12.00
# Visual Studio Version 17
VisualStudioVersion = 17.14.36408.4
MinimumVisualStudioVersion = 10.0.40219.1
Project("{FAE04EC0-301F-11D3-BF4B-00C04F79EFBC}") = "SystemLessons", "SystemLessons\SystemLessons.csproj", "{153B7860-E74A-47D5-B0A2-4DB79F6289BE}"
EndProject
Project("{FAE04EC0-301F-11D3-BF4B-00C04F79EFBC}") = "SixLessons", "SixLessons\SixLessons.csproj", "{205D789B-5E3E-49D8-9211-8A8D250E86C3}"
EndProject
Project("{FAE04EC0-301F-11D3-BF4B-00C04F79EFBC}") = "SevenLesson", "SevenLesson\SevenLesson.csproj", "{3662C347-E135-4A46-981B-B57BCAFB3EC0}"
EndProject
Project("{FAE04EC0-301F-11D3-BF4B-00C04F79EFBC}") = "EightLesson", "EightLesson\EightLesson.csproj", "{338A775E-12FC-47AF-81C4-BD0569F5B36C}"
EndProject
Project("{FAE04EC0-301F-11D3-BF4B-00C04F79EFBC}") = "EmailValidator", "EmailValidator\EmailValidator.csproj", "{B5447549-F465-48F5-B587-A57596266042}"
EndProject
Project("{2150E333-8FDC-42A3-9474-1A3956D46DE8}") = "NetProgramm", "NetProgramm", "{02EA681E-C7D8-13C7-8484-4AC65E1B71E8}"
EndProject
Project("{FAE04EC0-301F-11D3-BF4B-00C04F79EFBC}") = "Server", "Server\Server.csproj", "{036E7B88-419B-43E5-8215-996D5F9640E9}"
EndProject
Project("{FAE04EC0-301F-11D3-BF4B-00C04F79EFBC}") = "Client", "Client\Client.csproj", "{DC97E9BD-9654-4822-9C49-382EECF15184}"
EndProject
Project("{FAE04EC0-301F-11D3-BF4B-00C04F79EFBC}") = "Core", "Core\Core.csproj", "{58F6E730-3D8D-4986-906B-ADFEFD20EF6B}"
EndProject
Project("{2150E333-8FDC-42A3-9474-1A3956D46DE8}") = "nine_ten_Lesson", "nine_ten_Lesson", "{4CD72A89-57D3-45BB-B033-1AAC8A15543A}"
EndProject
Project("{FAE04EC0-301F-11D3-BF4B-00C04F79EFBC}") = "UDP_Client", "UDPClient\UDP_Client.csproj", "{5FF4CF4A-288A-4716-984A-E7277306BC0E}"
EndProject
Project("{FAE04EC0-301F-11D3-BF4B-00C04F79EFBC}") = "UDP_Server", "UDP_Server\UDP_Server.csproj", "{C8E09366-B00A-4451-8C53-26B4E69ADCF0}"
EndProject
Project("{2150E333-8FDC-42A3-9474-1A3956D46DE8}") = "homework_client", "homework_client", "{F8C47611-CB6D-46F0-8C4B-F9F03CAEB1A3}"
EndProject
Project("{FAE04EC0-301F-11D3-BF4B-00C04F79EFBC}") = "http_app_client", "http_app_client\http_app_client.csproj", "{2F6A21E5-9B47-481E-BEA4-DA69F752C9B1}"
EndProject
Project("{2150E333-8FDC-42A3-9474-1A3956D46DE8}") = "homework_server", "homework_server", "{C013C24F-7D01-46B9-A616-D5AB3C10A9E3}"
EndProject
Project("{FAE04EC0-301F-11D3-BF4B-00C04F79EFBC}") = "HttpServer", "HttpServer\HttpServer.csproj", "{C95A21DC-A310-4C56-94B3-FC7BBA08A40E}"
EndProject
Global
	GlobalSection(SolutionConfigurationPlatforms) = preSolution
		Debug|Any CPU = Debug|Any CPU
		Release|Any CPU = Release|Any CPU
	EndGlobalSection
	GlobalSection(ProjectConfigurationPlatforms) = postSolution
		{153B7860-E74A-47D5-B0A2-4DB79F6289BE}.Debug|Any CPU.ActiveCfg = Debug|Any CPU
		{153B7860-E74A-47D5-B0A2-4DB79F6289BE}.Debug|Any CPU.Build.0 = Debug|Any CPU
		{153B7860-E74A-47D5-B0A2-4DB79F6289BE}.Release|Any CPU.ActiveCfg = Release|Any CPU
		{153B7860-E74A-47D5-B0A2-4DB79F6289BE}.Release|Any CPU.Build.0 = Release|Any CPU
		{205D789B-5E3E-49D8-9211-8A8D250E86C3}.Debug|Any CPU.ActiveCfg = Debug|Any CPU
		{205D789B-5E3E-49D8-9211-8A8D250E86C3}.Debug|Any CPU.Build.0 = Debug|Any CPU
		{205D789B-5E3E-49D8-9211-8A8D250E86C3}.Release|Any CPU.ActiveCfg = Release|Any CPU
		{205D789B-5E3E-49D8-9211-8A8D250E86C3}.Release|Any CPU.Build.0 = Release|Any CPU
		{3662C347-E135-4A46-981B-B57BCAFB3EC0}.Debug|Any CPU.ActiveCfg = Debug|Any CPU
		{3662C347-E135-4A46-981B-B57BCAFB3EC0}.Debug|Any CPU.Build.0 = Debug|Any CPU
		{3662C347-E135-4A46-981B-B57BCAFB3EC0}.Release|Any CPU.ActiveCfg = Release|Any CPU
		{3662C347-E135-4A46-981B-B57BCAFB3EC0}.Release|Any CPU.Build.0 = Release|Any CPU
		{338A775E-12FC-47AF-81C4-BD0569F5B36C}.Debug|Any CPU.ActiveCfg = Debug|Any CPU
		{338A775E-12FC-47AF-81C4-BD0569F5B36C}.Debug|Any CPU.Build.0 = Debug|Any CPU
		{338A775E-12FC-47AF-81C4-BD0569F5B36C}.Release|Any CPU.ActiveCfg = Release|Any CPU
		{338A775E-12FC-47AF-81C4-BD0569F5B36C}.Release|Any CPU.Build.0 = Release|Any CPU
		{B5447549-F465-48F5-B587-A57596266042}.Debug|Any CPU.ActiveCfg = Debug|Any CPU
		{B5447549-F465-48F5-B587-A57596266042}.Debug|Any CPU.Build.0 = Debug|Any CPU
		{B5447549-F465-48F5-B587-A57596266042}.Release|Any CPU.ActiveCfg = Release|Any CPU
		{B5447549-F465-48F5-B587-A57596266042}.Release|Any CPU.Build.0 = Release|Any CPU
		{036E7B88-419B-43E5-8215-996D5F9640E9}.Debug|Any CPU.ActiveCfg = Debug|Any CPU
		{036E7B88-419B-43E5-8215-996D5F9640E9}.Debug|Any CPU.Build.0 = Debug|Any CPU
		{036E7B88-419B-43E5-8215-996D5F9640E9}.Release|Any CPU.ActiveCfg = Release|Any CPU
		{036E7B88-419B-43E5-8215-996D5F9640E9}.Release|Any CPU.Build.0 = Release|Any CPU
		{DC97E9BD-9654-4822-9C49-382EECF15184}.Debug|Any CPU.ActiveCfg = Debug|Any CPU
		{DC97E9BD-9654-4822-9C49-382EECF15184}.Debug|Any CPU.Build.0 = Debug|Any CPU
		{DC97E9BD-9654-4822-9C49-382EECF15184}.Release|Any CPU.ActiveCfg = Release|Any CPU
		{DC97E9BD-9654-4822-9C49-382EECF15184}.Release|Any CPU.Build.0 = Release|Any CPU
		{58F6E730-3D8D-4986-906B-ADFEFD20EF6B}.Debug|Any CPU.ActiveCfg = Debug|Any CPU
		{58F6E730-3D8D-4986-906B-ADFEFD20EF6B}.Debug|Any CPU.Build.0 = Debug|Any CPU
		{58F6E730-3D8D-4986-906B-ADFEFD20EF6B}.Release|Any CPU.ActiveCfg = Release|Any CPU
		{58F6E730-3D8D-4986-906B-ADFEFD20EF6B}.Release|Any CPU.Build.0 = Release|Any CPU
		{5FF4CF4A-288A-4716-984A-E7277306BC0E}.Debug|Any CPU.ActiveCfg = Debug|Any CPU
		{5FF4CF4A-288A-4716-984A-E7277306BC0E}.Debug|Any CPU.Build.0 = Debug|Any CPU
		{5FF4CF4A-288A-4716-984A-E7277306BC0E}.Release|Any CPU.ActiveCfg = Release|Any CPU
		{5FF4CF4A-288A-4716-984A-E7277306BC0E}.Release|Any CPU.Build.0 = Release|Any CPU
		{C8E09366-B00A-4451-8C53-26B4E69ADCF0}.Debug|Any CPU.ActiveCfg = Debug|Any CPU
		{C8E09366-B00A-4451-8C53-26B4E69ADCF0}.Debug|Any CPU.Build.0 = Debug|Any CPU
		{C8E09366-B00A-4451-8C53-26B4E69ADCF0}.Release|Any CPU.ActiveCfg = Release|Any CPU
		{C8E09366-B00A-4451-8C53-26B4E69ADCF0}.Release|Any CPU.Build.0 = Release|Any CPU
		{2F6A21E5-9B47-481E-BEA4-DA69F752C9B1}.Debug|Any CPU.ActiveCfg = Debug|Any CPU
		{2F6A21E5-9B47-481E-BEA4-DA69F752C9B1}.Debug|Any CPU.Build.0 = Debug|Any CPU
		{2F6A21E5-9B47-481E-BEA4-DA69F752C9B1}.Release|Any CPU.ActiveCfg = Release|Any CPU
		{2F6A21E5-9B47-481E-BEA4-DA69F752C9B1}.Release|Any CPU.Build.0 = Release|Any CPU
		{C95A21DC-A310-4C56-94B3-FC7BBA08A40E}.Debug|Any CPU.ActiveCfg = Debug|Any CPU
		{C95A21DC-A310-4C56-94B3-FC7BBA08A40E}.Debug|Any CPU.Build.0 = Debug|Any CPU
		{C95A21DC-A310-4C56-94B3-FC7BBA08A40E}.Release|Any CPU.ActiveCfg = Release|Any CPU
		{C95A21DC-A310-4C56-94B3-FC7BBA08A40E}.Release|Any CPU.Build.0 = Release|Any CPU
	EndGlobalSection
	GlobalSection(SolutionProperties) = preSolution
		HideSolutionNode = FALSE
	EndGlobalSection
	GlobalSection(NestedProjects) = preSolution
		{036E7B88-419B-43E5-8215-996D5F9640E9} = {02EA681E-C7D8-13C7-8484-4AC65E1B71E8}
		{DC97E9BD-9654-4822-9C49-382EECF15184} = {02EA681E-C7D8-13C7-8484-4AC65E1B71E8}
		{58F6E730-3D8D-4986-906B-ADFEFD20EF6B} = {02EA681E-C7D8-13C7-8484-4AC65E1B71E8}
		{5FF4CF4A-288A-4716-984A-E7277306BC0E} = {4CD72A89-57D3-45BB-B033-1AAC8A15543A}
		{C8E09366-B00A-4451-8C53-26B4E69ADCF0} = {4CD72A89-57D3-45BB-B033-1AAC8A15543A}
		{2F6A21E5-9B47-481E-BEA4-DA69F752C9B1} = {F8C47611-CB6D-46F0-8C4B-F9F03CAEB1A3}
		{C95A21DC-A310-4C56-94B3-FC7BBA08A40E} = {C013C24F-7D01-46B9-A616-D5AB3C10A9E3}
	EndGlobalSection
	GlobalSection(ExtensibilityGlobals) = postSolution
		SolutionGuid = {1458DA44-B5C8-43C1-AEC1-C9DE8CBB9974}
	EndGlobalSection
EndGlobal
